
Microsoft Visual Studio Solution File, Format Version 12.00
# Visual Studio 15
Project("{FAE04EC0-301F-11D3-BF4B-00C04F79EFBC}") = "Assembly-CSharp", "Assembly-CSharp.csproj", "{4267681C-9C4C-EA4A-3F06-6A060C07B8FE}"
EndProject
Global
	GlobalSection(SolutionConfigurationPlatforms) = preSolution
		Debug|Any CPU = Debug|Any CPU
		Release|Any CPU = Release|Any CPU
	EndGlobalSection
	GlobalSection(ProjectConfigurationPlatforms) = postSolution
		{4267681C-9C4C-EA4A-3F06-6A060C07B8FE}.Debug|Any CPU.ActiveCfg = Debug|Any CPU
		{4267681C-9C4C-EA4A-3F06-6A060C07B8FE}.Debug|Any CPU.Build.0 = Debug|Any CPU
		{4267681C-9C4C-EA4A-3F06-6A060C07B8FE}.Release|Any CPU.ActiveCfg = Release|Any CPU
		{4267681C-9C4C-EA4A-3F06-6A060C07B8FE}.Release|Any CPU.Build.0 = Release|Any CPU
	EndGlobalSection
	GlobalSection(SolutionProperties) = preSolution
		HideSolutionNode = FALSE
	EndGlobalSection
	GlobalSection(MonoDevelopProperties) = preSolution
		StartupItem = Assembly-CSharp.csproj
	EndGlobalSection
EndGlobal
